// !$*UTF8*$!
{
	archiveVersion = 1;
	classes = {
	};
	objectVersion = 52;
	objects = {

/* Begin PBXBuildFile section */
		B29517142532BA2400B472A1 /* Settings.swift in Sources */ = {isa = PBXBuildFile; fileRef = B29517132532BA2400B472A1 /* Settings.swift */; };
		B295171C2532DA2100B472A1 /* Content.swift in Sources */ = {isa = PBXBuildFile; fileRef = B295171B2532DA2100B472A1 /* Content.swift */; };
		B2FA9CB925077C4500C32EEC /* AppDelegate.swift in Sources */ = {isa = PBXBuildFile; fileRef = B2FA9CB825077C4500C32EEC /* AppDelegate.swift */; };
		B2FA9CBB25077C4500C32EEC /* SceneDelegate.swift in Sources */ = {isa = PBXBuildFile; fileRef = B2FA9CBA25077C4500C32EEC /* SceneDelegate.swift */; };
		B2FA9CBD25077C4500C32EEC /* FirstViewController.swift in Sources */ = {isa = PBXBuildFile; fileRef = B2FA9CBC25077C4500C32EEC /* FirstViewController.swift */; };
		B2FA9CBF25077C4500C32EEC /* SecondViewController.swift in Sources */ = {isa = PBXBuildFile; fileRef = B2FA9CBE25077C4500C32EEC /* SecondViewController.swift */; };
		B2FA9CC225077C4500C32EEC /* Main.storyboard in Resources */ = {isa = PBXBuildFile; fileRef = B2FA9CC025077C4500C32EEC /* Main.storyboard */; };
		B2FA9CC425077C4900C32EEC /* Assets.xcassets in Resources */ = {isa = PBXBuildFile; fileRef = B2FA9CC325077C4900C32EEC /* Assets.xcassets */; };
		B2FA9CC725077C4900C32EEC /* LaunchScreen.storyboard in Resources */ = {isa = PBXBuildFile; fileRef = B2FA9CC525077C4900C32EEC /* LaunchScreen.storyboard */; };
		B2FA9CD225077C4900C32EEC /* CollectedTests.swift in Sources */ = {isa = PBXBuildFile; fileRef = B2FA9CD125077C4900C32EEC /* CollectedTests.swift */; };
		B2FA9CDD25077C4900C32EEC /* CollectedUITests.swift in Sources */ = {isa = PBXBuildFile; fileRef = B2FA9CDC25077C4900C32EEC /* CollectedUITests.swift */; };
		B2FA9CED2508D53F00C32EEC /* DynamoDB in Frameworks */ = {isa = PBXBuildFile; productRef = B2FA9CEC2508D53F00C32EEC /* DynamoDB */; };
		B2FA9CEF2508D53F00C32EEC /* IAM in Frameworks */ = {isa = PBXBuildFile; productRef = B2FA9CEE2508D53F00C32EEC /* IAM */; };
		B2FA9CF12508D53F00C32EEC /* APIGateway in Frameworks */ = {isa = PBXBuildFile; productRef = B2FA9CF02508D53F00C32EEC /* APIGateway */; };
		B2FA9CF32508D53F00C32EEC /* SNS in Frameworks */ = {isa = PBXBuildFile; productRef = B2FA9CF22508D53F00C32EEC /* SNS */; };
		B2FA9CF52508D53F00C32EEC /* SQS in Frameworks */ = {isa = PBXBuildFile; productRef = B2FA9CF42508D53F00C32EEC /* SQS */; };
		B2FA9CF72508D53F00C32EEC /* S3 in Frameworks */ = {isa = PBXBuildFile; productRef = B2FA9CF62508D53F00C32EEC /* S3 */; };
		B2FA9CF92508D53F00C32EEC /* Lambda in Frameworks */ = {isa = PBXBuildFile; productRef = B2FA9CF82508D53F00C32EEC /* Lambda */; };
		B2FA9CFB250A4D9F00C32EEC /* NIO+Combine.swift in Sources */ = {isa = PBXBuildFile; fileRef = B2FA9CFA250A4D9F00C32EEC /* NIO+Combine.swift */; };
		B2FA9CFD250B4A5500C32EEC /* ContentPreview.swift in Sources */ = {isa = PBXBuildFile; fileRef = B2FA9CFC250B4A5500C32EEC /* ContentPreview.swift */; };
/* End PBXBuildFile section */

/* Begin PBXContainerItemProxy section */
		B2FA9CCE25077C4900C32EEC /* PBXContainerItemProxy */ = {
			isa = PBXContainerItemProxy;
			containerPortal = B2FA9CAD25077C4400C32EEC /* Project object */;
			proxyType = 1;
			remoteGlobalIDString = B2FA9CB425077C4500C32EEC;
			remoteInfo = Collected;
		};
		B2FA9CD925077C4900C32EEC /* PBXContainerItemProxy */ = {
			isa = PBXContainerItemProxy;
			containerPortal = B2FA9CAD25077C4400C32EEC /* Project object */;
			proxyType = 1;
			remoteGlobalIDString = B2FA9CB425077C4500C32EEC;
			remoteInfo = Collected;
		};
/* End PBXContainerItemProxy section */

/* Begin PBXFileReference section */
		B29517132532BA2400B472A1 /* Settings.swift */ = {isa = PBXFileReference; lastKnownFileType = sourcecode.swift; path = Settings.swift; sourceTree = "<group>"; };
		B295171B2532DA2100B472A1 /* Content.swift */ = {isa = PBXFileReference; lastKnownFileType = sourcecode.swift; path = Content.swift; sourceTree = "<group>"; };
		B2FA9CB525077C4500C32EEC /* Collected.app */ = {isa = PBXFileReference; explicitFileType = wrapper.application; includeInIndex = 0; path = Collected.app; sourceTree = BUILT_PRODUCTS_DIR; };
		B2FA9CB825077C4500C32EEC /* AppDelegate.swift */ = {isa = PBXFileReference; lastKnownFileType = sourcecode.swift; path = AppDelegate.swift; sourceTree = "<group>"; };
		B2FA9CBA25077C4500C32EEC /* SceneDelegate.swift */ = {isa = PBXFileReference; lastKnownFileType = sourcecode.swift; path = SceneDelegate.swift; sourceTree = "<group>"; };
		B2FA9CBC25077C4500C32EEC /* FirstViewController.swift */ = {isa = PBXFileReference; lastKnownFileType = sourcecode.swift; path = FirstViewController.swift; sourceTree = "<group>"; };
		B2FA9CBE25077C4500C32EEC /* SecondViewController.swift */ = {isa = PBXFileReference; lastKnownFileType = sourcecode.swift; path = SecondViewController.swift; sourceTree = "<group>"; };
		B2FA9CC125077C4500C32EEC /* Base */ = {isa = PBXFileReference; lastKnownFileType = file.storyboard; name = Base; path = Base.lproj/Main.storyboard; sourceTree = "<group>"; };
		B2FA9CC325077C4900C32EEC /* Assets.xcassets */ = {isa = PBXFileReference; lastKnownFileType = folder.assetcatalog; path = Assets.xcassets; sourceTree = "<group>"; };
		B2FA9CC625077C4900C32EEC /* Base */ = {isa = PBXFileReference; lastKnownFileType = file.storyboard; name = Base; path = Base.lproj/LaunchScreen.storyboard; sourceTree = "<group>"; };
		B2FA9CC825077C4900C32EEC /* Info.plist */ = {isa = PBXFileReference; lastKnownFileType = text.plist.xml; path = Info.plist; sourceTree = "<group>"; };
		B2FA9CCD25077C4900C32EEC /* CollectedTests.xctest */ = {isa = PBXFileReference; explicitFileType = wrapper.cfbundle; includeInIndex = 0; path = CollectedTests.xctest; sourceTree = BUILT_PRODUCTS_DIR; };
		B2FA9CD125077C4900C32EEC /* CollectedTests.swift */ = {isa = PBXFileReference; lastKnownFileType = sourcecode.swift; path = CollectedTests.swift; sourceTree = "<group>"; };
		B2FA9CD325077C4900C32EEC /* Info.plist */ = {isa = PBXFileReference; lastKnownFileType = text.plist.xml; path = Info.plist; sourceTree = "<group>"; };
		B2FA9CD825077C4900C32EEC /* CollectedUITests.xctest */ = {isa = PBXFileReference; explicitFileType = wrapper.cfbundle; includeInIndex = 0; path = CollectedUITests.xctest; sourceTree = BUILT_PRODUCTS_DIR; };
		B2FA9CDC25077C4900C32EEC /* CollectedUITests.swift */ = {isa = PBXFileReference; lastKnownFileType = sourcecode.swift; path = CollectedUITests.swift; sourceTree = "<group>"; };
		B2FA9CDE25077C4900C32EEC /* Info.plist */ = {isa = PBXFileReference; lastKnownFileType = text.plist.xml; path = Info.plist; sourceTree = "<group>"; };
		B2FA9CEA25077C6000C32EEC /* Collected.entitlements */ = {isa = PBXFileReference; lastKnownFileType = text.plist.entitlements; path = Collected.entitlements; sourceTree = "<group>"; };
		B2FA9CFA250A4D9F00C32EEC /* NIO+Combine.swift */ = {isa = PBXFileReference; lastKnownFileType = sourcecode.swift; path = "NIO+Combine.swift"; sourceTree = "<group>"; };
		B2FA9CFC250B4A5500C32EEC /* ContentPreview.swift */ = {isa = PBXFileReference; lastKnownFileType = sourcecode.swift; path = ContentPreview.swift; sourceTree = "<group>"; };
/* End PBXFileReference section */

/* Begin PBXFrameworksBuildPhase section */
		B2FA9CB225077C4500C32EEC /* Frameworks */ = {
			isa = PBXFrameworksBuildPhase;
			buildActionMask = 2147483647;
			files = (
				B2FA9CF72508D53F00C32EEC /* S3 in Frameworks */,
				B2FA9CF12508D53F00C32EEC /* APIGateway in Frameworks */,
				B2FA9CF92508D53F00C32EEC /* Lambda in Frameworks */,
				B2FA9CEF2508D53F00C32EEC /* IAM in Frameworks */,
				B2FA9CED2508D53F00C32EEC /* DynamoDB in Frameworks */,
				B2FA9CF32508D53F00C32EEC /* SNS in Frameworks */,
				B2FA9CF52508D53F00C32EEC /* SQS in Frameworks */,
			);
			runOnlyForDeploymentPostprocessing = 0;
		};
		B2FA9CCA25077C4900C32EEC /* Frameworks */ = {
			isa = PBXFrameworksBuildPhase;
			buildActionMask = 2147483647;
			files = (
			);
			runOnlyForDeploymentPostprocessing = 0;
		};
		B2FA9CD525077C4900C32EEC /* Frameworks */ = {
			isa = PBXFrameworksBuildPhase;
			buildActionMask = 2147483647;
			files = (
			);
			runOnlyForDeploymentPostprocessing = 0;
		};
/* End PBXFrameworksBuildPhase section */

/* Begin PBXGroup section */
		B2FA9CAC25077C4400C32EEC = {
			isa = PBXGroup;
			children = (
				B2FA9CB725077C4500C32EEC /* Collected */,
				B2FA9CD025077C4900C32EEC /* CollectedTests */,
				B2FA9CDB25077C4900C32EEC /* CollectedUITests */,
				B2FA9CB625077C4500C32EEC /* Products */,
			);
			sourceTree = "<group>";
		};
		B2FA9CB625077C4500C32EEC /* Products */ = {
			isa = PBXGroup;
			children = (
				B2FA9CB525077C4500C32EEC /* Collected.app */,
				B2FA9CCD25077C4900C32EEC /* CollectedTests.xctest */,
				B2FA9CD825077C4900C32EEC /* CollectedUITests.xctest */,
			);
			name = Products;
			sourceTree = "<group>";
		};
		B2FA9CB725077C4500C32EEC /* Collected */ = {
			isa = PBXGroup;
			children = (
				B2FA9CEA25077C6000C32EEC /* Collected.entitlements */,
				B2FA9CB825077C4500C32EEC /* AppDelegate.swift */,
				B2FA9CBA25077C4500C32EEC /* SceneDelegate.swift */,
				B2FA9CFA250A4D9F00C32EEC /* NIO+Combine.swift */,
				B29517132532BA2400B472A1 /* Settings.swift */,
				B2FA9CBC25077C4500C32EEC /* FirstViewController.swift */,
				B295171B2532DA2100B472A1 /* Content.swift */,
				B2FA9CFC250B4A5500C32EEC /* ContentPreview.swift */,
				B2FA9CBE25077C4500C32EEC /* SecondViewController.swift */,
				B2FA9CC025077C4500C32EEC /* Main.storyboard */,
				B2FA9CC325077C4900C32EEC /* Assets.xcassets */,
				B2FA9CC525077C4900C32EEC /* LaunchScreen.storyboard */,
				B2FA9CC825077C4900C32EEC /* Info.plist */,
			);
			path = Collected;
			sourceTree = "<group>";
		};
		B2FA9CD025077C4900C32EEC /* CollectedTests */ = {
			isa = PBXGroup;
			children = (
				B2FA9CD125077C4900C32EEC /* CollectedTests.swift */,
				B2FA9CD325077C4900C32EEC /* Info.plist */,
			);
			path = CollectedTests;
			sourceTree = "<group>";
		};
		B2FA9CDB25077C4900C32EEC /* CollectedUITests */ = {
			isa = PBXGroup;
			children = (
				B2FA9CDC25077C4900C32EEC /* CollectedUITests.swift */,
				B2FA9CDE25077C4900C32EEC /* Info.plist */,
			);
			path = CollectedUITests;
			sourceTree = "<group>";
		};
/* End PBXGroup section */

/* Begin PBXNativeTarget section */
		B2FA9CB425077C4500C32EEC /* Collected */ = {
			isa = PBXNativeTarget;
			buildConfigurationList = B2FA9CE125077C4900C32EEC /* Build configuration list for PBXNativeTarget "Collected" */;
			buildPhases = (
				B2FA9CB125077C4500C32EEC /* Sources */,
				B2FA9CB225077C4500C32EEC /* Frameworks */,
				B2FA9CB325077C4500C32EEC /* Resources */,
			);
			buildRules = (
			);
			dependencies = (
			);
			name = Collected;
			packageProductDependencies = (
				B2FA9CEC2508D53F00C32EEC /* DynamoDB */,
				B2FA9CEE2508D53F00C32EEC /* IAM */,
				B2FA9CF02508D53F00C32EEC /* APIGateway */,
				B2FA9CF22508D53F00C32EEC /* SNS */,
				B2FA9CF42508D53F00C32EEC /* SQS */,
				B2FA9CF62508D53F00C32EEC /* S3 */,
				B2FA9CF82508D53F00C32EEC /* Lambda */,
			);
			productName = Collected;
			productReference = B2FA9CB525077C4500C32EEC /* Collected.app */;
			productType = "com.apple.product-type.application";
		};
		B2FA9CCC25077C4900C32EEC /* CollectedTests */ = {
			isa = PBXNativeTarget;
			buildConfigurationList = B2FA9CE425077C4900C32EEC /* Build configuration list for PBXNativeTarget "CollectedTests" */;
			buildPhases = (
				B2FA9CC925077C4900C32EEC /* Sources */,
				B2FA9CCA25077C4900C32EEC /* Frameworks */,
				B2FA9CCB25077C4900C32EEC /* Resources */,
			);
			buildRules = (
			);
			dependencies = (
				B2FA9CCF25077C4900C32EEC /* PBXTargetDependency */,
			);
			name = CollectedTests;
			productName = CollectedTests;
			productReference = B2FA9CCD25077C4900C32EEC /* CollectedTests.xctest */;
			productType = "com.apple.product-type.bundle.unit-test";
		};
		B2FA9CD725077C4900C32EEC /* CollectedUITests */ = {
			isa = PBXNativeTarget;
			buildConfigurationList = B2FA9CE725077C4900C32EEC /* Build configuration list for PBXNativeTarget "CollectedUITests" */;
			buildPhases = (
				B2FA9CD425077C4900C32EEC /* Sources */,
				B2FA9CD525077C4900C32EEC /* Frameworks */,
				B2FA9CD625077C4900C32EEC /* Resources */,
			);
			buildRules = (
			);
			dependencies = (
				B2FA9CDA25077C4900C32EEC /* PBXTargetDependency */,
			);
			name = CollectedUITests;
			productName = CollectedUITests;
			productReference = B2FA9CD825077C4900C32EEC /* CollectedUITests.xctest */;
			productType = "com.apple.product-type.bundle.ui-testing";
		};
/* End PBXNativeTarget section */

/* Begin PBXProject section */
		B2FA9CAD25077C4400C32EEC /* Project object */ = {
			isa = PBXProject;
			attributes = {
				LastSwiftUpdateCheck = 1170;
				LastUpgradeCheck = 1200;
				ORGANIZATIONNAME = "Patrick Smith";
				TargetAttributes = {
					B2FA9CB425077C4500C32EEC = {
						CreatedOnToolsVersion = 11.7;
					};
					B2FA9CCC25077C4900C32EEC = {
						CreatedOnToolsVersion = 11.7;
						TestTargetID = B2FA9CB425077C4500C32EEC;
					};
					B2FA9CD725077C4900C32EEC = {
						CreatedOnToolsVersion = 11.7;
						TestTargetID = B2FA9CB425077C4500C32EEC;
					};
				};
			};
			buildConfigurationList = B2FA9CB025077C4400C32EEC /* Build configuration list for PBXProject "Collected" */;
			compatibilityVersion = "Xcode 9.3";
			developmentRegion = en;
			hasScannedForEncodings = 0;
			knownRegions = (
				en,
				Base,
			);
			mainGroup = B2FA9CAC25077C4400C32EEC;
			packageReferences = (
				B2FA9CEB2508D53F00C32EEC /* XCRemoteSwiftPackageReference "aws-sdk-swift" */,
			);
			productRefGroup = B2FA9CB625077C4500C32EEC /* Products */;
			projectDirPath = "";
			projectRoot = "";
			targets = (
				B2FA9CB425077C4500C32EEC /* Collected */,
				B2FA9CCC25077C4900C32EEC /* CollectedTests */,
				B2FA9CD725077C4900C32EEC /* CollectedUITests */,
			);
		};
/* End PBXProject section */

/* Begin PBXResourcesBuildPhase section */
		B2FA9CB325077C4500C32EEC /* Resources */ = {
			isa = PBXResourcesBuildPhase;
			buildActionMask = 2147483647;
			files = (
				B2FA9CC725077C4900C32EEC /* LaunchScreen.storyboard in Resources */,
				B2FA9CC425077C4900C32EEC /* Assets.xcassets in Resources */,
				B2FA9CC225077C4500C32EEC /* Main.storyboard in Resources */,
			);
			runOnlyForDeploymentPostprocessing = 0;
		};
		B2FA9CCB25077C4900C32EEC /* Resources */ = {
			isa = PBXResourcesBuildPhase;
			buildActionMask = 2147483647;
			files = (
			);
			runOnlyForDeploymentPostprocessing = 0;
		};
		B2FA9CD625077C4900C32EEC /* Resources */ = {
			isa = PBXResourcesBuildPhase;
			buildActionMask = 2147483647;
			files = (
			);
			runOnlyForDeploymentPostprocessing = 0;
		};
/* End PBXResourcesBuildPhase section */

/* Begin PBXSourcesBuildPhase section */
		B2FA9CB125077C4500C32EEC /* Sources */ = {
			isa = PBXSourcesBuildPhase;
			buildActionMask = 2147483647;
			files = (
				B2FA9CFD250B4A5500C32EEC /* ContentPreview.swift in Sources */,
				B2FA9CBF25077C4500C32EEC /* SecondViewController.swift in Sources */,
				B2FA9CBD25077C4500C32EEC /* FirstViewController.swift in Sources */,
				B295171C2532DA2100B472A1 /* Content.swift in Sources */,
				B2FA9CB925077C4500C32EEC /* AppDelegate.swift in Sources */,
				B29517142532BA2400B472A1 /* Settings.swift in Sources */,
				B2FA9CFB250A4D9F00C32EEC /* NIO+Combine.swift in Sources */,
				B2FA9CBB25077C4500C32EEC /* SceneDelegate.swift in Sources */,
			);
			runOnlyForDeploymentPostprocessing = 0;
		};
		B2FA9CC925077C4900C32EEC /* Sources */ = {
			isa = PBXSourcesBuildPhase;
			buildActionMask = 2147483647;
			files = (
				B2FA9CD225077C4900C32EEC /* CollectedTests.swift in Sources */,
			);
			runOnlyForDeploymentPostprocessing = 0;
		};
		B2FA9CD425077C4900C32EEC /* Sources */ = {
			isa = PBXSourcesBuildPhase;
			buildActionMask = 2147483647;
			files = (
				B2FA9CDD25077C4900C32EEC /* CollectedUITests.swift in Sources */,
			);
			runOnlyForDeploymentPostprocessing = 0;
		};
/* End PBXSourcesBuildPhase section */

/* Begin PBXTargetDependency section */
		B2FA9CCF25077C4900C32EEC /* PBXTargetDependency */ = {
			isa = PBXTargetDependency;
			target = B2FA9CB425077C4500C32EEC /* Collected */;
			targetProxy = B2FA9CCE25077C4900C32EEC /* PBXContainerItemProxy */;
		};
		B2FA9CDA25077C4900C32EEC /* PBXTargetDependency */ = {
			isa = PBXTargetDependency;
			target = B2FA9CB425077C4500C32EEC /* Collected */;
			targetProxy = B2FA9CD925077C4900C32EEC /* PBXContainerItemProxy */;
		};
/* End PBXTargetDependency section */

/* Begin PBXVariantGroup section */
		B2FA9CC025077C4500C32EEC /* Main.storyboard */ = {
			isa = PBXVariantGroup;
			children = (
				B2FA9CC125077C4500C32EEC /* Base */,
			);
			name = Main.storyboard;
			sourceTree = "<group>";
		};
		B2FA9CC525077C4900C32EEC /* LaunchScreen.storyboard */ = {
			isa = PBXVariantGroup;
			children = (
				B2FA9CC625077C4900C32EEC /* Base */,
			);
			name = LaunchScreen.storyboard;
			sourceTree = "<group>";
		};
/* End PBXVariantGroup section */

/* Begin XCBuildConfiguration section */
		B2FA9CDF25077C4900C32EEC /* Debug */ = {
			isa = XCBuildConfiguration;
			buildSettings = {
				ALWAYS_SEARCH_USER_PATHS = NO;
				CLANG_ANALYZER_NONNULL = YES;
				CLANG_ANALYZER_NUMBER_OBJECT_CONVERSION = YES_AGGRESSIVE;
				CLANG_CXX_LANGUAGE_STANDARD = "gnu++14";
				CLANG_CXX_LIBRARY = "libc++";
				CLANG_ENABLE_MODULES = YES;
				CLANG_ENABLE_OBJC_ARC = YES;
				CLANG_ENABLE_OBJC_WEAK = YES;
				CLANG_WARN_BLOCK_CAPTURE_AUTORELEASING = YES;
				CLANG_WARN_BOOL_CONVERSION = YES;
				CLANG_WARN_COMMA = YES;
				CLANG_WARN_CONSTANT_CONVERSION = YES;
				CLANG_WARN_DEPRECATED_OBJC_IMPLEMENTATIONS = YES;
				CLANG_WARN_DIRECT_OBJC_ISA_USAGE = YES_ERROR;
				CLANG_WARN_DOCUMENTATION_COMMENTS = YES;
				CLANG_WARN_EMPTY_BODY = YES;
				CLANG_WARN_ENUM_CONVERSION = YES;
				CLANG_WARN_INFINITE_RECURSION = YES;
				CLANG_WARN_INT_CONVERSION = YES;
				CLANG_WARN_NON_LITERAL_NULL_CONVERSION = YES;
				CLANG_WARN_OBJC_IMPLICIT_RETAIN_SELF = YES;
				CLANG_WARN_OBJC_LITERAL_CONVERSION = YES;
				CLANG_WARN_OBJC_ROOT_CLASS = YES_ERROR;
				CLANG_WARN_QUOTED_INCLUDE_IN_FRAMEWORK_HEADER = YES;
				CLANG_WARN_RANGE_LOOP_ANALYSIS = YES;
				CLANG_WARN_STRICT_PROTOTYPES = YES;
				CLANG_WARN_SUSPICIOUS_MOVE = YES;
				CLANG_WARN_UNGUARDED_AVAILABILITY = YES_AGGRESSIVE;
				CLANG_WARN_UNREACHABLE_CODE = YES;
				CLANG_WARN__DUPLICATE_METHOD_MATCH = YES;
				COPY_PHASE_STRIP = NO;
				DEBUG_INFORMATION_FORMAT = dwarf;
				ENABLE_STRICT_OBJC_MSGSEND = YES;
				ENABLE_TESTABILITY = YES;
				GCC_C_LANGUAGE_STANDARD = gnu11;
				GCC_DYNAMIC_NO_PIC = NO;
				GCC_NO_COMMON_BLOCKS = YES;
				GCC_OPTIMIZATION_LEVEL = 0;
				GCC_PREPROCESSOR_DEFINITIONS = (
					"DEBUG=1",
					"$(inherited)",
				);
				GCC_WARN_64_TO_32_BIT_CONVERSION = YES;
				GCC_WARN_ABOUT_RETURN_TYPE = YES_ERROR;
				GCC_WARN_UNDECLARED_SELECTOR = YES;
				GCC_WARN_UNINITIALIZED_AUTOS = YES_AGGRESSIVE;
				GCC_WARN_UNUSED_FUNCTION = YES;
				GCC_WARN_UNUSED_VARIABLE = YES;
				IPHONEOS_DEPLOYMENT_TARGET = 13.7;
				MTL_ENABLE_DEBUG_INFO = INCLUDE_SOURCE;
				MTL_FAST_MATH = YES;
				ONLY_ACTIVE_ARCH = YES;
				SDKROOT = iphoneos;
				SWIFT_ACTIVE_COMPILATION_CONDITIONS = DEBUG;
				SWIFT_OPTIMIZATION_LEVEL = "-Onone";
			};
			name = Debug;
		};
		B2FA9CE025077C4900C32EEC /* Release */ = {
			isa = XCBuildConfiguration;
			buildSettings = {
				ALWAYS_SEARCH_USER_PATHS = NO;
				CLANG_ANALYZER_NONNULL = YES;
				CLANG_ANALYZER_NUMBER_OBJECT_CONVERSION = YES_AGGRESSIVE;
				CLANG_CXX_LANGUAGE_STANDARD = "gnu++14";
				CLANG_CXX_LIBRARY = "libc++";
				CLANG_ENABLE_MODULES = YES;
				CLANG_ENABLE_OBJC_ARC = YES;
				CLANG_ENABLE_OBJC_WEAK = YES;
				CLANG_WARN_BLOCK_CAPTURE_AUTORELEASING = YES;
				CLANG_WARN_BOOL_CONVERSION = YES;
				CLANG_WARN_COMMA = YES;
				CLANG_WARN_CONSTANT_CONVERSION = YES;
				CLANG_WARN_DEPRECATED_OBJC_IMPLEMENTATIONS = YES;
				CLANG_WARN_DIRECT_OBJC_ISA_USAGE = YES_ERROR;
				CLANG_WARN_DOCUMENTATION_COMMENTS = YES;
				CLANG_WARN_EMPTY_BODY = YES;
				CLANG_WARN_ENUM_CONVERSION = YES;
				CLANG_WARN_INFINITE_RECURSION = YES;
				CLANG_WARN_INT_CONVERSION = YES;
				CLANG_WARN_NON_LITERAL_NULL_CONVERSION = YES;
				CLANG_WARN_OBJC_IMPLICIT_RETAIN_SELF = YES;
				CLANG_WARN_OBJC_LITERAL_CONVERSION = YES;
				CLANG_WARN_OBJC_ROOT_CLASS = YES_ERROR;
				CLANG_WARN_QUOTED_INCLUDE_IN_FRAMEWORK_HEADER = YES;
				CLANG_WARN_RANGE_LOOP_ANALYSIS = YES;
				CLANG_WARN_STRICT_PROTOTYPES = YES;
				CLANG_WARN_SUSPICIOUS_MOVE = YES;
				CLANG_WARN_UNGUARDED_AVAILABILITY = YES_AGGRESSIVE;
				CLANG_WARN_UNREACHABLE_CODE = YES;
				CLANG_WARN__DUPLICATE_METHOD_MATCH = YES;
				COPY_PHASE_STRIP = NO;
				DEBUG_INFORMATION_FORMAT = "dwarf-with-dsym";
				ENABLE_NS_ASSERTIONS = NO;
				ENABLE_STRICT_OBJC_MSGSEND = YES;
				GCC_C_LANGUAGE_STANDARD = gnu11;
				GCC_NO_COMMON_BLOCKS = YES;
				GCC_WARN_64_TO_32_BIT_CONVERSION = YES;
				GCC_WARN_ABOUT_RETURN_TYPE = YES_ERROR;
				GCC_WARN_UNDECLARED_SELECTOR = YES;
				GCC_WARN_UNINITIALIZED_AUTOS = YES_AGGRESSIVE;
				GCC_WARN_UNUSED_FUNCTION = YES;
				GCC_WARN_UNUSED_VARIABLE = YES;
				IPHONEOS_DEPLOYMENT_TARGET = 13.7;
				MTL_ENABLE_DEBUG_INFO = NO;
				MTL_FAST_MATH = YES;
				SDKROOT = iphoneos;
				SWIFT_COMPILATION_MODE = wholemodule;
				SWIFT_OPTIMIZATION_LEVEL = "-O";
				VALIDATE_PRODUCT = YES;
			};
			name = Release;
		};
		B2FA9CE225077C4900C32EEC /* Debug */ = {
			isa = XCBuildConfiguration;
			buildSettings = {
				ASSETCATALOG_COMPILER_APPICON_NAME = AppIcon;
				CODE_SIGN_ENTITLEMENTS = Collected/Collected.entitlements;
				CODE_SIGN_STYLE = Automatic;
				DEVELOPMENT_TEAM = 5278SPSAPR;
				INFOPLIST_FILE = Collected/Info.plist;
				LD_RUNPATH_SEARCH_PATHS = (
					"$(inherited)",
					"@executable_path/Frameworks",
				);
				PRODUCT_BUNDLE_IDENTIFIER = org.RoyalIcing.Collected;
				PRODUCT_NAME = "$(TARGET_NAME)";
				SUPPORTS_MACCATALYST = YES;
				SWIFT_VERSION = 5.0;
				TARGETED_DEVICE_FAMILY = "1,2";
			};
			name = Debug;
		};
		B2FA9CE325077C4900C32EEC /* Release */ = {
			isa = XCBuildConfiguration;
			buildSettings = {
				ASSETCATALOG_COMPILER_APPICON_NAME = AppIcon;
				CODE_SIGN_ENTITLEMENTS = Collected/Collected.entitlements;
				CODE_SIGN_STYLE = Automatic;
				DEVELOPMENT_TEAM = 5278SPSAPR;
				INFOPLIST_FILE = Collected/Info.plist;
				LD_RUNPATH_SEARCH_PATHS = (
					"$(inherited)",
					"@executable_path/Frameworks",
				);
				PRODUCT_BUNDLE_IDENTIFIER = org.RoyalIcing.Collected;
				PRODUCT_NAME = "$(TARGET_NAME)";
				SUPPORTS_MACCATALYST = YES;
				SWIFT_VERSION = 5.0;
				TARGETED_DEVICE_FAMILY = "1,2";
			};
			name = Release;
		};
		B2FA9CE525077C4900C32EEC /* Debug */ = {
			isa = XCBuildConfiguration;
			buildSettings = {
				ALWAYS_EMBED_SWIFT_STANDARD_LIBRARIES = YES;
				BUNDLE_LOADER = "$(TEST_HOST)";
				CODE_SIGN_STYLE = Automatic;
				DEVELOPMENT_TEAM = 5278SPSAPR;
				INFOPLIST_FILE = CollectedTests/Info.plist;
				IPHONEOS_DEPLOYMENT_TARGET = 13.7;
				LD_RUNPATH_SEARCH_PATHS = (
					"$(inherited)",
					"@executable_path/Frameworks",
					"@loader_path/Frameworks",
				);
				PRODUCT_BUNDLE_IDENTIFIER = org.RoyalIcing.CollectedTests;
				PRODUCT_NAME = "$(TARGET_NAME)";
				SWIFT_VERSION = 5.0;
				TARGETED_DEVICE_FAMILY = "1,2";
				TEST_HOST = "$(BUILT_PRODUCTS_DIR)/Collected.app/Collected";
			};
			name = Debug;
		};
		B2FA9CE625077C4900C32EEC /* Release */ = {
			isa = XCBuildConfiguration;
			buildSettings = {
				ALWAYS_EMBED_SWIFT_STANDARD_LIBRARIES = YES;
				BUNDLE_LOADER = "$(TEST_HOST)";
				CODE_SIGN_STYLE = Automatic;
				DEVELOPMENT_TEAM = 5278SPSAPR;
				INFOPLIST_FILE = CollectedTests/Info.plist;
				IPHONEOS_DEPLOYMENT_TARGET = 13.7;
				LD_RUNPATH_SEARCH_PATHS = (
					"$(inherited)",
					"@executable_path/Frameworks",
					"@loader_path/Frameworks",
				);
				PRODUCT_BUNDLE_IDENTIFIER = org.RoyalIcing.CollectedTests;
				PRODUCT_NAME = "$(TARGET_NAME)";
				SWIFT_VERSION = 5.0;
				TARGETED_DEVICE_FAMILY = "1,2";
				TEST_HOST = "$(BUILT_PRODUCTS_DIR)/Collected.app/Collected";
			};
			name = Release;
		};
		B2FA9CE825077C4900C32EEC /* Debug */ = {
			isa = XCBuildConfiguration;
			buildSettings = {
				ALWAYS_EMBED_SWIFT_STANDARD_LIBRARIES = YES;
				CODE_SIGN_STYLE = Automatic;
				DEVELOPMENT_TEAM = 5278SPSAPR;
				INFOPLIST_FILE = CollectedUITests/Info.plist;
				LD_RUNPATH_SEARCH_PATHS = (
					"$(inherited)",
					"@executable_path/Frameworks",
					"@loader_path/Frameworks",
				);
				PRODUCT_BUNDLE_IDENTIFIER = org.RoyalIcing.CollectedUITests;
				PRODUCT_NAME = "$(TARGET_NAME)";
				SWIFT_VERSION = 5.0;
				TARGETED_DEVICE_FAMILY = "1,2";
				TEST_TARGET_NAME = Collected;
			};
			name = Debug;
		};
		B2FA9CE925077C4900C32EEC /* Release */ = {
			isa = XCBuildConfiguration;
			buildSettings = {
				ALWAYS_EMBED_SWIFT_STANDARD_LIBRARIES = YES;
				CODE_SIGN_STYLE = Automatic;
				DEVELOPMENT_TEAM = 5278SPSAPR;
				INFOPLIST_FILE = CollectedUITests/Info.plist;
				LD_RUNPATH_SEARCH_PATHS = (
					"$(inherited)",
					"@executable_path/Frameworks",
					"@loader_path/Frameworks",
				);
				PRODUCT_BUNDLE_IDENTIFIER = org.RoyalIcing.CollectedUITests;
				PRODUCT_NAME = "$(TARGET_NAME)";
				SWIFT_VERSION = 5.0;
				TARGETED_DEVICE_FAMILY = "1,2";
				TEST_TARGET_NAME = Collected;
			};
			name = Release;
		};
/* End XCBuildConfiguration section */

/* Begin XCConfigurationList section */
		B2FA9CB025077C4400C32EEC /* Build configuration list for PBXProject "Collected" */ = {
			isa = XCConfigurationList;
			buildConfigurations = (
				B2FA9CDF25077C4900C32EEC /* Debug */,
				B2FA9CE025077C4900C32EEC /* Release */,
			);
			defaultConfigurationIsVisible = 0;
			defaultConfigurationName = Release;
		};
		B2FA9CE125077C4900C32EEC /* Build configuration list for PBXNativeTarget "Collected" */ = {
			isa = XCConfigurationList;
			buildConfigurations = (
				B2FA9CE225077C4900C32EEC /* Debug */,
				B2FA9CE325077C4900C32EEC /* Release */,
			);
			defaultConfigurationIsVisible = 0;
			defaultConfigurationName = Release;
		};
		B2FA9CE425077C4900C32EEC /* Build configuration list for PBXNativeTarget "CollectedTests" */ = {
			isa = XCConfigurationList;
			buildConfigurations = (
				B2FA9CE525077C4900C32EEC /* Debug */,
				B2FA9CE625077C4900C32EEC /* Release */,
			);
			defaultConfigurationIsVisible = 0;
			defaultConfigurationName = Release;
		};
		B2FA9CE725077C4900C32EEC /* Build configuration list for PBXNativeTarget "CollectedUITests" */ = {
			isa = XCConfigurationList;
			buildConfigurations = (
				B2FA9CE825077C4900C32EEC /* Debug */,
				B2FA9CE925077C4900C32EEC /* Release */,
			);
			defaultConfigurationIsVisible = 0;
			defaultConfigurationName = Release;
		};
/* End XCConfigurationList section */

/* Begin XCRemoteSwiftPackageReference section */
		B2FA9CEB2508D53F00C32EEC /* XCRemoteSwiftPackageReference "aws-sdk-swift" */ = {
			isa = XCRemoteSwiftPackageReference;
			repositoryURL = "https://github.com/swift-aws/aws-sdk-swift.git";
			requirement = {
				kind = upToNextMajorVersion;
				minimumVersion = 4.8.0;
			};
		};
/* End XCRemoteSwiftPackageReference section */

/* Begin XCSwiftPackageProductDependency section */
		B2FA9CEC2508D53F00C32EEC /* DynamoDB */ = {
			isa = XCSwiftPackageProductDependency;
			package = B2FA9CEB2508D53F00C32EEC /* XCRemoteSwiftPackageReference "aws-sdk-swift" */;
			productName = DynamoDB;
		};
		B2FA9CEE2508D53F00C32EEC /* IAM */ = {
			isa = XCSwiftPackageProductDependency;
			package = B2FA9CEB2508D53F00C32EEC /* XCRemoteSwiftPackageReference "aws-sdk-swift" */;
			productName = IAM;
		};
		B2FA9CF02508D53F00C32EEC /* APIGateway */ = {
			isa = XCSwiftPackageProductDependency;
			package = B2FA9CEB2508D53F00C32EEC /* XCRemoteSwiftPackageReference "aws-sdk-swift" */;
			productName = APIGateway;
		};
		B2FA9CF22508D53F00C32EEC /* SNS */ = {
			isa = XCSwiftPackageProductDependency;
			package = B2FA9CEB2508D53F00C32EEC /* XCRemoteSwiftPackageReference "aws-sdk-swift" */;
			productName = SNS;
		};
		B2FA9CF42508D53F00C32EEC /* SQS */ = {
			isa = XCSwiftPackageProductDependency;
			package = B2FA9CEB2508D53F00C32EEC /* XCRemoteSwiftPackageReference "aws-sdk-swift" */;
			productName = SQS;
		};
		B2FA9CF62508D53F00C32EEC /* S3 */ = {
			isa = XCSwiftPackageProductDependency;
			package = B2FA9CEB2508D53F00C32EEC /* XCRemoteSwiftPackageReference "aws-sdk-swift" */;
			productName = S3;
		};
		B2FA9CF82508D53F00C32EEC /* Lambda */ = {
			isa = XCSwiftPackageProductDependency;
			package = B2FA9CEB2508D53F00C32EEC /* XCRemoteSwiftPackageReference "aws-sdk-swift" */;
			productName = Lambda;
		};
/* End XCSwiftPackageProductDependency section */
	};
	rootObject = B2FA9CAD25077C4400C32EEC /* Project object */;
}
